{
  "version": 1,
  "dependencies": {
    "net10.0-windows7.0": {
      "DalamudPackager": {
        "type": "Direct",
        "requested": "[15.0.0, )",
        "resolved": "15.0.0",
        "contentHash": "411vwC8/X8Z/sQ2TI6v3SvOn66xFPeOjFn3Zn+h0d3Ox2t1kFm66AhDvmx/qcMwVrR+Hidxj0dadpQ2dgyXMBQ=="
      },
      "DotNet.ReproducibleBuilds": {
        "type": "Direct",
        "requested": "[1.2.39, )",
        "resolved": "1.2.39",
        "contentHash": "fcFN01tDTIQqDuTwr1jUQK/geofiwjG5DycJQOnC72i1SsLAk1ELe+apBOuZ11UMQG8YKFZG1FgvjZPbqHyatg=="
      },
      "Microsoft.ML.OnnxRuntime": {
        "type": "Direct",
        "requested": "[1.21.*, )",
        "resolved": "1.21.0",
        "contentHash": "1IN5rz0W7SFiVKblydIcCh0TVXDVbgTHdFGchjrH+vEtneRED7PL8RDcQOXE4FO3y10vvjg03LNubFTX74FCpA==",
        "dependencies": {
          "Microsoft.ML.OnnxRuntime.Managed": "1.21.0"
        }
      },
      "Microsoft.ML.OnnxRuntime.Managed": {
        "type": "Transitive",
        "resolved": "1.21.0",
        "contentHash": "Pp4PFhCELCMO8dWNbGK9Ge+Zh09xPVknmjvAgXIrLsfAgmv1It5aATP3UJTG/GBVzcvshDL/UI+KV9O8YQzkkQ==",
        "dependencies": {
          "System.Numerics.Tensors": "9.0.0"
        }
      },
      "System.Numerics.Tensors": {
        "type": "Transitive",
        "resolved": "9.0.0",
        "contentHash": "hyJB4UlpAi19Xr9AXzu2NuagKC4lPfHObNMEAA0HmqFz2rX7wKgzeYzO/jM/eBHDhnUGFFEjk5cOoJaxqg5J4A=="
      }
    }
  }
}